<?xml version="1.0" encoding="utf-8"?>
<Project ToolsVersion="4.0" xmlns="http://schemas.microsoft.com/developer/msbuild/2003">
  <ItemGroup>
    <ClCompile Include="CSVExport.cpp" />
    <ClCompile Include="Point3.cpp" />
    <ClCompile Include="Scan.cpp" />
    <ClCompile Include="SmartScanCLI.cpp" />
    <ClCompile Include="SmartScanService.cpp" />
    <ClCompile Include="TrakStarController.cpp" />
    <ClCompile Include="Trigger.cpp" />
    <ClCompile Include="DataAcquisition.cpp" />
  </ItemGroup>
  <ItemGroup>
    <ClInclude Include="CSVExport.h" />
    <ClInclude Include="NDI\ATC3DG.h" />
    <ClInclude Include="Point3.h" />
    <ClInclude Include="Scan.h" />
    <ClInclude Include="SmartScanService.h" />
    <ClInclude Include="TrakStarController.h" />
    <ClInclude Include="Trigger.h" />
    <ClInclude Include="Exceptions.h" />
    <ClInclude Include="DataAcquisition.h" />
    <ClInclude Include="SmartScanConfig.h" />
  </ItemGroup>
</Project>