<?xml version="1.0" encoding="utf-8"?>
<Project ToolsVersion="16.0" xmlns="http://schemas.microsoft.com/developer/msbuild/2003">
  <ItemGroup>
    <CustomBuild Include="D:\Smart_Glove_Project\GitHub\cmake_build\CMakeFiles\6da03ff6700b9c3c5ef917a5065fad45\generate.stamp.rule">
      <Filter>CMake Rules</Filter>
    </CustomBuild>
  </ItemGroup>
  <ItemGroup>
    <Filter Include="CMake Rules">
      <UniqueIdentifier>{3F1A24D7-C2B1-3EFC-80EE-701F4AA54E57}</UniqueIdentifier>
    </Filter>
  </ItemGroup>
</Project>
